
Microsoft Visual Studio Solution File, Format Version 12.00
# Visual Studio Version 16
VisualStudioVersion = 16.0.30011.22
MinimumVisualStudioVersion = 10.0.40219.1
Project("{FAE04EC0-301F-11D3-BF4B-00C04F79EFBC}") = "Shop.Common", "Shop.Common\Shop.Common.csproj", "{AECE0FB2-E487-476D-89E3-3FDAD7D1F303}"
EndProject
Project("{2150E333-8FDC-42A3-9474-1A3956D46DE8}") = "Backend", "Backend", "{DD28516B-86D4-4FB5-B223-AEB72FA4C0F2}"
EndProject
Project("{2150E333-8FDC-42A3-9474-1A3956D46DE8}") = "Frontend", "Frontend", "{B367A859-771F-4AB4-A076-97E5B2603507}"
EndProject
Project("{FAE04EC0-301F-11D3-BF4B-00C04F79EFBC}") = "Shop.Web", "Shop.Web\Shop.Web.csproj", "{45B06EB1-22E9-455E-81E6-5866DC2B4525}"
EndProject
Project("{2150E333-8FDC-42A3-9474-1A3956D46DE8}") = "Forms", "Forms", "{DEF7B930-DE23-42F1-9C43-43FB1C5CEE1D}"
EndProject
Project("{2150E333-8FDC-42A3-9474-1A3956D46DE8}") = "Classic", "Classic", "{C6E4A12A-F1E9-4184-A892-761C420F143A}"
EndProject
Project("{FAE04EC0-301F-11D3-BF4B-00C04F79EFBC}") = "Shop.UIForms.Android", "Shop.UIForms\Shop.UIForms.Android\Shop.UIForms.Android.csproj", "{C5BC779F-7DF8-46BE-800D-CAF353AE1D26}"
EndProject
Project("{FAE04EC0-301F-11D3-BF4B-00C04F79EFBC}") = "Shop.UIForms.iOS", "Shop.UIForms\Shop.UIForms.iOS\Shop.UIForms.iOS.csproj", "{ACA4BA01-C632-4F42-8495-F3EE1382EB8D}"
EndProject
Project("{FAE04EC0-301F-11D3-BF4B-00C04F79EFBC}") = "Shop.UIForms", "Shop.UIForms\Shop.UIForms\Shop.UIForms.csproj", "{84AD412A-28E0-4A53-9E7A-916760E1BF24}"
EndProject
Global
	GlobalSection(SolutionConfigurationPlatforms) = preSolution
		Debug|Any CPU = Debug|Any CPU
		Debug|iPhone = Debug|iPhone
		Debug|iPhoneSimulator = Debug|iPhoneSimulator
		Release|Any CPU = Release|Any CPU
		Release|iPhone = Release|iPhone
		Release|iPhoneSimulator = Release|iPhoneSimulator
	EndGlobalSection
	GlobalSection(ProjectConfigurationPlatforms) = postSolution
		{AECE0FB2-E487-476D-89E3-3FDAD7D1F303}.Debug|Any CPU.ActiveCfg = Debug|Any CPU
		{AECE0FB2-E487-476D-89E3-3FDAD7D1F303}.Debug|Any CPU.Build.0 = Debug|Any CPU
		{AECE0FB2-E487-476D-89E3-3FDAD7D1F303}.Debug|iPhone.ActiveCfg = Debug|Any CPU
		{AECE0FB2-E487-476D-89E3-3FDAD7D1F303}.Debug|iPhone.Build.0 = Debug|Any CPU
		{AECE0FB2-E487-476D-89E3-3FDAD7D1F303}.Debug|iPhoneSimulator.ActiveCfg = Debug|Any CPU
		{AECE0FB2-E487-476D-89E3-3FDAD7D1F303}.Debug|iPhoneSimulator.Build.0 = Debug|Any CPU
		{AECE0FB2-E487-476D-89E3-3FDAD7D1F303}.Release|Any CPU.ActiveCfg = Release|Any CPU
		{AECE0FB2-E487-476D-89E3-3FDAD7D1F303}.Release|Any CPU.Build.0 = Release|Any CPU
		{AECE0FB2-E487-476D-89E3-3FDAD7D1F303}.Release|iPhone.ActiveCfg = Release|Any CPU
		{AECE0FB2-E487-476D-89E3-3FDAD7D1F303}.Release|iPhone.Build.0 = Release|Any CPU
		{AECE0FB2-E487-476D-89E3-3FDAD7D1F303}.Release|iPhoneSimulator.ActiveCfg = Release|Any CPU
		{AECE0FB2-E487-476D-89E3-3FDAD7D1F303}.Release|iPhoneSimulator.Build.0 = Release|Any CPU
		{45B06EB1-22E9-455E-81E6-5866DC2B4525}.Debug|Any CPU.ActiveCfg = Debug|Any CPU
		{45B06EB1-22E9-455E-81E6-5866DC2B4525}.Debug|Any CPU.Build.0 = Debug|Any CPU
		{45B06EB1-22E9-455E-81E6-5866DC2B4525}.Debug|iPhone.ActiveCfg = Debug|Any CPU
		{45B06EB1-22E9-455E-81E6-5866DC2B4525}.Debug|iPhone.Build.0 = Debug|Any CPU
		{45B06EB1-22E9-455E-81E6-5866DC2B4525}.Debug|iPhoneSimulator.ActiveCfg = Debug|Any CPU
		{45B06EB1-22E9-455E-81E6-5866DC2B4525}.Debug|iPhoneSimulator.Build.0 = Debug|Any CPU
		{45B06EB1-22E9-455E-81E6-5866DC2B4525}.Release|Any CPU.ActiveCfg = Release|Any CPU
		{45B06EB1-22E9-455E-81E6-5866DC2B4525}.Release|Any CPU.Build.0 = Release|Any CPU
		{45B06EB1-22E9-455E-81E6-5866DC2B4525}.Release|iPhone.ActiveCfg = Release|Any CPU
		{45B06EB1-22E9-455E-81E6-5866DC2B4525}.Release|iPhone.Build.0 = Release|Any CPU
		{45B06EB1-22E9-455E-81E6-5866DC2B4525}.Release|iPhoneSimulator.ActiveCfg = Release|Any CPU
		{45B06EB1-22E9-455E-81E6-5866DC2B4525}.Release|iPhoneSimulator.Build.0 = Release|Any CPU
		{C5BC779F-7DF8-46BE-800D-CAF353AE1D26}.Debug|Any CPU.ActiveCfg = Debug|Any CPU
		{C5BC779F-7DF8-46BE-800D-CAF353AE1D26}.Debug|Any CPU.Build.0 = Debug|Any CPU
		{C5BC779F-7DF8-46BE-800D-CAF353AE1D26}.Debug|Any CPU.Deploy.0 = Debug|Any CPU
		{C5BC779F-7DF8-46BE-800D-CAF353AE1D26}.Debug|iPhone.ActiveCfg = Debug|Any CPU
		{C5BC779F-7DF8-46BE-800D-CAF353AE1D26}.Debug|iPhone.Build.0 = Debug|Any CPU
		{C5BC779F-7DF8-46BE-800D-CAF353AE1D26}.Debug|iPhone.Deploy.0 = Debug|Any CPU
		{C5BC779F-7DF8-46BE-800D-CAF353AE1D26}.Debug|iPhoneSimulator.ActiveCfg = Debug|Any CPU
		{C5BC779F-7DF8-46BE-800D-CAF353AE1D26}.Debug|iPhoneSimulator.Build.0 = Debug|Any CPU
		{C5BC779F-7DF8-46BE-800D-CAF353AE1D26}.Debug|iPhoneSimulator.Deploy.0 = Debug|Any CPU
		{C5BC779F-7DF8-46BE-800D-CAF353AE1D26}.Release|Any CPU.ActiveCfg = Release|Any CPU
		{C5BC779F-7DF8-46BE-800D-CAF353AE1D26}.Release|Any CPU.Build.0 = Release|Any CPU
		{C5BC779F-7DF8-46BE-800D-CAF353AE1D26}.Release|Any CPU.Deploy.0 = Release|Any CPU
		{C5BC779F-7DF8-46BE-800D-CAF353AE1D26}.Release|iPhone.ActiveCfg = Release|Any CPU
		{C5BC779F-7DF8-46BE-800D-CAF353AE1D26}.Release|iPhone.Build.0 = Release|Any CPU
		{C5BC779F-7DF8-46BE-800D-CAF353AE1D26}.Release|iPhone.Deploy.0 = Release|Any CPU
		{C5BC779F-7DF8-46BE-800D-CAF353AE1D26}.Release|iPhoneSimulator.ActiveCfg = Release|Any CPU
		{C5BC779F-7DF8-46BE-800D-CAF353AE1D26}.Release|iPhoneSimulator.Build.0 = Release|Any CPU
		{C5BC779F-7DF8-46BE-800D-CAF353AE1D26}.Release|iPhoneSimulator.Deploy.0 = Release|Any CPU
		{ACA4BA01-C632-4F42-8495-F3EE1382EB8D}.Debug|Any CPU.ActiveCfg = Debug|iPhone
		{ACA4BA01-C632-4F42-8495-F3EE1382EB8D}.Debug|iPhone.ActiveCfg = Debug|iPhone
		{ACA4BA01-C632-4F42-8495-F3EE1382EB8D}.Debug|iPhone.Build.0 = Debug|iPhone
		{ACA4BA01-C632-4F42-8495-F3EE1382EB8D}.Debug|iPhoneSimulator.ActiveCfg = Debug|iPhoneSimulator
		{ACA4BA01-C632-4F42-8495-F3EE1382EB8D}.Debug|iPhoneSimulator.Build.0 = Debug|iPhoneSimulator
		{ACA4BA01-C632-4F42-8495-F3EE1382EB8D}.Release|Any CPU.ActiveCfg = Release|iPhone
		{ACA4BA01-C632-4F42-8495-F3EE1382EB8D}.Release|iPhone.ActiveCfg = Release|iPhone
		{ACA4BA01-C632-4F42-8495-F3EE1382EB8D}.Release|iPhone.Build.0 = Release|iPhone
		{ACA4BA01-C632-4F42-8495-F3EE1382EB8D}.Release|iPhoneSimulator.ActiveCfg = Release|iPhoneSimulator
		{ACA4BA01-C632-4F42-8495-F3EE1382EB8D}.Release|iPhoneSimulator.Build.0 = Release|iPhoneSimulator
		{84AD412A-28E0-4A53-9E7A-916760E1BF24}.Debug|Any CPU.ActiveCfg = Debug|Any CPU
		{84AD412A-28E0-4A53-9E7A-916760E1BF24}.Debug|Any CPU.Build.0 = Debug|Any CPU
		{84AD412A-28E0-4A53-9E7A-916760E1BF24}.Debug|iPhone.ActiveCfg = Debug|Any CPU
		{84AD412A-28E0-4A53-9E7A-916760E1BF24}.Debug|iPhone.Build.0 = Debug|Any CPU
		{84AD412A-28E0-4A53-9E7A-916760E1BF24}.Debug|iPhoneSimulator.ActiveCfg = Debug|Any CPU
		{84AD412A-28E0-4A53-9E7A-916760E1BF24}.Debug|iPhoneSimulator.Build.0 = Debug|Any CPU
		{84AD412A-28E0-4A53-9E7A-916760E1BF24}.Release|Any CPU.ActiveCfg = Release|Any CPU
		{84AD412A-28E0-4A53-9E7A-916760E1BF24}.Release|Any CPU.Build.0 = Release|Any CPU
		{84AD412A-28E0-4A53-9E7A-916760E1BF24}.Release|iPhone.ActiveCfg = Release|Any CPU
		{84AD412A-28E0-4A53-9E7A-916760E1BF24}.Release|iPhone.Build.0 = Release|Any CPU
		{84AD412A-28E0-4A53-9E7A-916760E1BF24}.Release|iPhoneSimulator.ActiveCfg = Release|Any CPU
		{84AD412A-28E0-4A53-9E7A-916760E1BF24}.Release|iPhoneSimulator.Build.0 = Release|Any CPU
	EndGlobalSection
	GlobalSection(SolutionProperties) = preSolution
		HideSolutionNode = FALSE
	EndGlobalSection
	GlobalSection(NestedProjects) = preSolution
		{45B06EB1-22E9-455E-81E6-5866DC2B4525} = {DD28516B-86D4-4FB5-B223-AEB72FA4C0F2}
		{DEF7B930-DE23-42F1-9C43-43FB1C5CEE1D} = {B367A859-771F-4AB4-A076-97E5B2603507}
		{C6E4A12A-F1E9-4184-A892-761C420F143A} = {B367A859-771F-4AB4-A076-97E5B2603507}
		{C5BC779F-7DF8-46BE-800D-CAF353AE1D26} = {DEF7B930-DE23-42F1-9C43-43FB1C5CEE1D}
		{ACA4BA01-C632-4F42-8495-F3EE1382EB8D} = {DEF7B930-DE23-42F1-9C43-43FB1C5CEE1D}
		{84AD412A-28E0-4A53-9E7A-916760E1BF24} = {DEF7B930-DE23-42F1-9C43-43FB1C5CEE1D}
	EndGlobalSection
	GlobalSection(ExtensibilityGlobals) = postSolution
		SolutionGuid = {598A9A38-9EE8-4DD6-BD39-3B7084DAE41E}
	EndGlobalSection
EndGlobal
